
Microsoft Visual Studio Solution File, Format Version 12.00
# Visual Studio Version 17
VisualStudioVersion = 17.11.35125.118
MinimumVisualStudioVersion = 10.0.40219.1
Project("{FAE04EC0-301F-11D3-BF4B-00C04F79EFBC}") = "Bcx", "Bcx\Bcx.csproj", "{C445B1D5-BAB0-487A-BB72-608597840D28}"
EndProject
Global
	GlobalSection(SolutionConfigurationPlatforms) = preSolution
		Debug|Any CPU = Debug|Any CPU
		Release|Any CPU = Release|Any CPU
	EndGlobalSection
	GlobalSection(ProjectConfigurationPlatforms) = postSolution
		{C445B1D5-BAB0-487A-BB72-608597840D28}.Debug|Any CPU.ActiveCfg = Debug|Any CPU
		{C445B1D5-BAB0-487A-BB72-608597840D28}.Debug|Any CPU.Build.0 = Debug|Any CPU
		{C445B1D5-BAB0-487A-BB72-608597840D28}.Release|Any CPU.ActiveCfg = Release|Any CPU
		{C445B1D5-BAB0-487A-BB72-608597840D28}.Release|Any CPU.Build.0 = Release|Any CPU
	EndGlobalSection
	GlobalSection(SolutionProperties) = preSolution
		HideSolutionNode = FALSE
	EndGlobalSection
	GlobalSection(ExtensibilityGlobals) = postSolution
		SolutionGuid = {DC9F4DE7-BB61-4AA4-A026-219302B3ED08}
	EndGlobalSection
EndGlobal
